
Microsoft Visual Studio Solution File, Format Version 12.00
# Visual Studio Version 17
VisualStudioVersion = 17.0.31912.275
MinimumVisualStudioVersion = 10.0.40219.1
Project("{FAE04EC0-301F-11D3-BF4B-00C04F79EFBC}") = "BibliotekaZKLJ", "BibliotekaZKLJ.csproj", "{0DC03507-9E91-40F4-AE8B-8D9809A63597}"
EndProject
Global
	GlobalSection(SolutionConfigurationPlatforms) = preSolution
		Debug|Any CPU = Debug|Any CPU
		Release|Any CPU = Release|Any CPU
	EndGlobalSection
	GlobalSection(ProjectConfigurationPlatforms) = postSolution
		{0DC03507-9E91-40F4-AE8B-8D9809A63597}.Debug|Any CPU.ActiveCfg = Debug|Any CPU
		{0DC03507-9E91-40F4-AE8B-8D9809A63597}.Debug|Any CPU.Build.0 = Debug|Any CPU
		{0DC03507-9E91-40F4-AE8B-8D9809A63597}.Release|Any CPU.ActiveCfg = Release|Any CPU
		{0DC03507-9E91-40F4-AE8B-8D9809A63597}.Release|Any CPU.Build.0 = Release|Any CPU
	EndGlobalSection
	GlobalSection(SolutionProperties) = preSolution
		HideSolutionNode = FALSE
	EndGlobalSection
	GlobalSection(ExtensibilityGlobals) = postSolution
		SolutionGuid = {337CB186-A2CF-429B-9395-EFAE73A65EE4}
	EndGlobalSection
EndGlobal
